
Microsoft Visual Studio Solution File, Format Version 12.00
# Visual Studio 15
Project("{FAE04EC0-301F-11D3-BF4B-00C04F79EFBC}") = "Assembly-CSharp", "Assembly-CSharp.csproj", "{70DE1236-7BE5-EA89-F008-3F4B535F4B49}"
EndProject
Project("{FAE04EC0-301F-11D3-BF4B-00C04F79EFBC}") = "Assembly-CSharp-Editor", "Assembly-CSharp-Editor.csproj", "{FFEC17AB-D865-0BD8-AB7E-1451C9BF34BC}"
EndProject
Global
	GlobalSection(SolutionConfigurationPlatforms) = preSolution
		Debug|Any CPU = Debug|Any CPU
		Release|Any CPU = Release|Any CPU
	EndGlobalSection
	GlobalSection(ProjectConfigurationPlatforms) = postSolution
		{70DE1236-7BE5-EA89-F008-3F4B535F4B49}.Debug|Any CPU.ActiveCfg = Debug|Any CPU
		{70DE1236-7BE5-EA89-F008-3F4B535F4B49}.Debug|Any CPU.Build.0 = Debug|Any CPU
		{70DE1236-7BE5-EA89-F008-3F4B535F4B49}.Release|Any CPU.ActiveCfg = Release|Any CPU
		{70DE1236-7BE5-EA89-F008-3F4B535F4B49}.Release|Any CPU.Build.0 = Release|Any CPU
		{FFEC17AB-D865-0BD8-AB7E-1451C9BF34BC}.Debug|Any CPU.ActiveCfg = Debug|Any CPU
		{FFEC17AB-D865-0BD8-AB7E-1451C9BF34BC}.Debug|Any CPU.Build.0 = Debug|Any CPU
		{FFEC17AB-D865-0BD8-AB7E-1451C9BF34BC}.Release|Any CPU.ActiveCfg = Release|Any CPU
		{FFEC17AB-D865-0BD8-AB7E-1451C9BF34BC}.Release|Any CPU.Build.0 = Release|Any CPU
	EndGlobalSection
	GlobalSection(SolutionProperties) = preSolution
		HideSolutionNode = FALSE
	EndGlobalSection
EndGlobal
